github.com/DENICeG/go-rriclient v1.17.0 h1:PIrWBz1MXT/IlgKUwNuzxItlOR92CdtmN0SAauADcNs=
github.com/DENICeG/go-rriclient v1.17.0/go.mod h1:QLRpXaKlsHHt9+xtA1OEorefuA5sJnhJwvGnDfFCysY=
github.com/DENICeG/go-rriclient v1.18.0 h1:DW55D6XXxGGfbfyefS9IqUzwWmbKN55AGsGfeyfRCPQ=
github.com/DENICeG/go-rriclient v1.18.0/go.mod h1:q73ZpNRxPMepzvVOHNOs046JzJiKMNpk1BXe/zsFIbA=
github.com/danielb42/whiteflag v1.2.7 h1:RwCUN+9z+CUoODUey6NJeeqA9WxcQpDHENmXtYGKOxY=
github.com/danielb42/whiteflag v1.2.7/go.mod h1:AIE53M4kwgEuYGh7b48zGiyX7jojm67WnqyexJa0+pI=
github.com/davecgh/go-spew v1.1.1 h1:vj9j/u1bqnvCEfJOwUhtlOARqs3+rkHYY13jYWTU97c=
github.com/pmezard/go-difflib v1.0.0 h1:4DBwDE0NGyQoBHbLQYPwSUPoCMWR5BEzIk/f1lZbAQM=
github.com/stretchr/testify v1.8.0 h1:pSgiaMZlXftHpm5L7V1+rVB+AZJydKsMxsQBIJw4PKk=
golang.org/x/net v0.21.0 h1:AQyQV4dYCvJ7vGmJyKki9+PBdyvhkSd8EIx/qb0AYv4=
golang.org/x/net v0.21.0/go.mod h1:bIjVDfnllIU7BJ2DNgfnXvpSvtn8VRwhlsaeUTyUS44=
golang.org/x/text v0.14.0 h1:ScX5w1eTa3QqT8oi6+ziP7dTV1S2+ALU0bI+0zXKWiQ=
golang.org/x/text v0.14.0/go.mod h1:18ZOQIKpY8NJVqYksKHtTdi31H5itFRjB5/qKTNYzSU=
gopkg.in/yaml.v3 v3.0.1 h1:fxVm/GzAzEWqLHuvctI91KS9hhNmmWOoWu0XTYJS7CA=
